
Microsoft Visual Studio Solution File, Format Version 12.00
# Visual Studio Version 17
VisualStudioVersion = 17.5.33516.290
MinimumVisualStudioVersion = 10.0.40219.1
Project("{8BC9CEB8-8B4A-11D0-8D11-00A0C91BC942}") = "Bai001", "Bai001\Bai001.vcxproj", "{AE891D3A-5FB8-4F75-AF20-97812D7C208A}"
EndProject
Project("{8BC9CEB8-8B4A-11D0-8D11-00A0C91BC942}") = "Bai002", "Bai002\Bai002.vcxproj", "{62D999D1-12AD-451A-9A9D-5B65CC25B809}"
EndProject
Project("{8BC9CEB8-8B4A-11D0-8D11-00A0C91BC942}") = "Bai003", "Bai003\Bai003.vcxproj", "{E727A96D-045C-46E0-B99B-16FE1D0CBD81}"
EndProject
Project("{8BC9CEB8-8B4A-11D0-8D11-00A0C91BC942}") = "Bai004", "Bai004\Bai004.vcxproj", "{E17843D0-5DF0-405B-AD8B-9B9DE1E7A159}"
EndProject
Global
	GlobalSection(SolutionConfigurationPlatforms) = preSolution
		Debug|x64 = Debug|x64
		Debug|x86 = Debug|x86
		Release|x64 = Release|x64
		Release|x86 = Release|x86
	EndGlobalSection
	GlobalSection(ProjectConfigurationPlatforms) = postSolution
		{AE891D3A-5FB8-4F75-AF20-97812D7C208A}.Debug|x64.ActiveCfg = Debug|x64
		{AE891D3A-5FB8-4F75-AF20-97812D7C208A}.Debug|x64.Build.0 = Debug|x64
		{AE891D3A-5FB8-4F75-AF20-97812D7C208A}.Debug|x86.ActiveCfg = Debug|Win32
		{AE891D3A-5FB8-4F75-AF20-97812D7C208A}.Debug|x86.Build.0 = Debug|Win32
		{AE891D3A-5FB8-4F75-AF20-97812D7C208A}.Release|x64.ActiveCfg = Release|x64
		{AE891D3A-5FB8-4F75-AF20-97812D7C208A}.Release|x64.Build.0 = Release|x64
		{AE891D3A-5FB8-4F75-AF20-97812D7C208A}.Release|x86.ActiveCfg = Release|Win32
		{AE891D3A-5FB8-4F75-AF20-97812D7C208A}.Release|x86.Build.0 = Release|Win32
		{62D999D1-12AD-451A-9A9D-5B65CC25B809}.Debug|x64.ActiveCfg = Debug|x64
		{62D999D1-12AD-451A-9A9D-5B65CC25B809}.Debug|x64.Build.0 = Debug|x64
		{62D999D1-12AD-451A-9A9D-5B65CC25B809}.Debug|x86.ActiveCfg = Debug|Win32
		{62D999D1-12AD-451A-9A9D-5B65CC25B809}.Debug|x86.Build.0 = Debug|Win32
		{62D999D1-12AD-451A-9A9D-5B65CC25B809}.Release|x64.ActiveCfg = Release|x64
		{62D999D1-12AD-451A-9A9D-5B65CC25B809}.Release|x64.Build.0 = Release|x64
		{62D999D1-12AD-451A-9A9D-5B65CC25B809}.Release|x86.ActiveCfg = Release|Win32
		{62D999D1-12AD-451A-9A9D-5B65CC25B809}.Release|x86.Build.0 = Release|Win32
		{E727A96D-045C-46E0-B99B-16FE1D0CBD81}.Debug|x64.ActiveCfg = Debug|x64
		{E727A96D-045C-46E0-B99B-16FE1D0CBD81}.Debug|x64.Build.0 = Debug|x64
		{E727A96D-045C-46E0-B99B-16FE1D0CBD81}.Debug|x86.ActiveCfg = Debug|Win32
		{E727A96D-045C-46E0-B99B-16FE1D0CBD81}.Debug|x86.Build.0 = Debug|Win32
		{E727A96D-045C-46E0-B99B-16FE1D0CBD81}.Release|x64.ActiveCfg = Release|x64
		{E727A96D-045C-46E0-B99B-16FE1D0CBD81}.Release|x64.Build.0 = Release|x64
		{E727A96D-045C-46E0-B99B-16FE1D0CBD81}.Release|x86.ActiveCfg = Release|Win32
		{E727A96D-045C-46E0-B99B-16FE1D0CBD81}.Release|x86.Build.0 = Release|Win32
		{E17843D0-5DF0-405B-AD8B-9B9DE1E7A159}.Debug|x64.ActiveCfg = Debug|x64
		{E17843D0-5DF0-405B-AD8B-9B9DE1E7A159}.Debug|x64.Build.0 = Debug|x64
		{E17843D0-5DF0-405B-AD8B-9B9DE1E7A159}.Debug|x86.ActiveCfg = Debug|Win32
		{E17843D0-5DF0-405B-AD8B-9B9DE1E7A159}.Debug|x86.Build.0 = Debug|Win32
		{E17843D0-5DF0-405B-AD8B-9B9DE1E7A159}.Release|x64.ActiveCfg = Release|x64
		{E17843D0-5DF0-405B-AD8B-9B9DE1E7A159}.Release|x64.Build.0 = Release|x64
		{E17843D0-5DF0-405B-AD8B-9B9DE1E7A159}.Release|x86.ActiveCfg = Release|Win32
		{E17843D0-5DF0-405B-AD8B-9B9DE1E7A159}.Release|x86.Build.0 = Release|Win32
	EndGlobalSection
	GlobalSection(SolutionProperties) = preSolution
		HideSolutionNode = FALSE
	EndGlobalSection
	GlobalSection(ExtensibilityGlobals) = postSolution
		SolutionGuid = {D2D1C223-D7E2-485B-9172-7EC619428206}
	EndGlobalSection
EndGlobal
